// !$*UTF8*$!
{
	archiveVersion = 1;
	classes = {
	};
	objectVersion = 48;
	objects = {

/* Begin PBXBuildFile section */
		1C22224F1FF8281F00728400 /* AppDelegate.swift in Sources */ = {isa = PBXBuildFile; fileRef = 1C22224E1FF8281F00728400 /* AppDelegate.swift */; };
		1C2222511FF8281F00728400 /* ViewController.swift in Sources */ = {isa = PBXBuildFile; fileRef = 1C2222501FF8281F00728400 /* ViewController.swift */; };
		1C2222541FF8281F00728400 /* Main.storyboard in Resources */ = {isa = PBXBuildFile; fileRef = 1C2222521FF8281F00728400 /* Main.storyboard */; };
		1C2222561FF8281F00728400 /* Assets.xcassets in Resources */ = {isa = PBXBuildFile; fileRef = 1C2222551FF8281F00728400 /* Assets.xcassets */; };
		1C2222591FF8281F00728400 /* LaunchScreen.storyboard in Resources */ = {isa = PBXBuildFile; fileRef = 1C2222571FF8281F00728400 /* LaunchScreen.storyboard */; };
		1CAF13EC2027302A0097B83C /* YtdlService.swift in Sources */ = {isa = PBXBuildFile; fileRef = 1CAF13EB2027302A0097B83C /* YtdlService.swift */; };
/* End PBXBuildFile section */

/* Begin PBXFileReference section */
		1C22224B1FF8281F00728400 /* uchuu.app */ = {isa = PBXFileReference; explicitFileType = wrapper.application; includeInIndex = 0; path = uchuu.app; sourceTree = BUILT_PRODUCTS_DIR; };
		1C22224E1FF8281F00728400 /* AppDelegate.swift */ = {isa = PBXFileReference; lastKnownFileType = sourcecode.swift; path = AppDelegate.swift; sourceTree = "<group>"; };
		1C2222501FF8281F00728400 /* ViewController.swift */ = {isa = PBXFileReference; lastKnownFileType = sourcecode.swift; path = ViewController.swift; sourceTree = "<group>"; };
		1C2222531FF8281F00728400 /* Base */ = {isa = PBXFileReference; lastKnownFileType = file.storyboard; name = Base; path = Base.lproj/Main.storyboard; sourceTree = "<group>"; };
		1C2222551FF8281F00728400 /* Assets.xcassets */ = {isa = PBXFileReference; lastKnownFileType = folder.assetcatalog; path = Assets.xcassets; sourceTree = "<group>"; };
		1C2222581FF8281F00728400 /* Base */ = {isa = PBXFileReference; lastKnownFileType = file.storyboard; name = Base; path = Base.lproj/LaunchScreen.storyboard; sourceTree = "<group>"; };
		1C22225A1FF8281F00728400 /* Info.plist */ = {isa = PBXFileReference; lastKnownFileType = text.plist.xml; path = Info.plist; sourceTree = "<group>"; };
		1CAF13EB2027302A0097B83C /* YtdlService.swift */ = {isa = PBXFileReference; lastKnownFileType = sourcecode.swift; path = YtdlService.swift; sourceTree = "<group>"; };
/* End PBXFileReference section */

/* Begin PBXFrameworksBuildPhase section */
		1C2222481FF8281F00728400 /* Frameworks */ = {
			isa = PBXFrameworksBuildPhase;
			buildActionMask = 2147483647;
			files = (
			);
			runOnlyForDeploymentPostprocessing = 0;
		};
/* End PBXFrameworksBuildPhase section */

/* Begin PBXGroup section */
		1C2222421FF8281F00728400 = {
			isa = PBXGroup;
			children = (
				1C22224D1FF8281F00728400 /* uchuu */,
				1C22224C1FF8281F00728400 /* Products */,
			);
			sourceTree = "<group>";
		};
		1C22224C1FF8281F00728400 /* Products */ = {
			isa = PBXGroup;
			children = (
				1C22224B1FF8281F00728400 /* uchuu.app */,
			);
			name = Products;
			sourceTree = "<group>";
		};
		1C22224D1FF8281F00728400 /* uchuu */ = {
			isa = PBXGroup;
			children = (
				1C22224E1FF8281F00728400 /* AppDelegate.swift */,
				1CAF13EB2027302A0097B83C /* YtdlService.swift */,
				1C2222501FF8281F00728400 /* ViewController.swift */,
				1C2222521FF8281F00728400 /* Main.storyboard */,
				1C2222551FF8281F00728400 /* Assets.xcassets */,
				1C2222571FF8281F00728400 /* LaunchScreen.storyboard */,
				1C22225A1FF8281F00728400 /* Info.plist */,
			);
			path = uchuu;
			sourceTree = "<group>";
		};
/* End PBXGroup section */

/* Begin PBXNativeTarget section */
		1C22224A1FF8281F00728400 /* uchuu */ = {
			isa = PBXNativeTarget;
			buildConfigurationList = 1C22225D1FF8281F00728400 /* Build configuration list for PBXNativeTarget "uchuu" */;
			buildPhases = (
				1C2222471FF8281F00728400 /* Sources */,
				1C2222481FF8281F00728400 /* Frameworks */,
				1C2222491FF8281F00728400 /* Resources */,
			);
			buildRules = (
			);
			dependencies = (
			);
			name = uchuu;
			productName = uchuu;
			productReference = 1C22224B1FF8281F00728400 /* uchuu.app */;
			productType = "com.apple.product-type.application";
		};
/* End PBXNativeTarget section */

/* Begin PBXProject section */
		1C2222431FF8281F00728400 /* Project object */ = {
			isa = PBXProject;
			attributes = {
				LastSwiftUpdateCheck = 0920;
				LastUpgradeCheck = 0920;
				TargetAttributes = {
					1C22224A1FF8281F00728400 = {
						CreatedOnToolsVersion = 9.2;
						ProvisioningStyle = Automatic;
					};
				};
			};
			buildConfigurationList = 1C2222461FF8281F00728400 /* Build configuration list for PBXProject "uchuu" */;
			compatibilityVersion = "Xcode 8.0";
			developmentRegion = en;
			hasScannedForEncodings = 0;
			knownRegions = (
				en,
				Base,
			);
			mainGroup = 1C2222421FF8281F00728400;
			productRefGroup = 1C22224C1FF8281F00728400 /* Products */;
			projectDirPath = "";
			projectRoot = "";
			targets = (
				1C22224A1FF8281F00728400 /* uchuu */,
			);
		};
/* End PBXProject section */

/* Begin PBXResourcesBuildPhase section */
		1C2222491FF8281F00728400 /* Resources */ = {
			isa = PBXResourcesBuildPhase;
			buildActionMask = 2147483647;
			files = (
				1C2222591FF8281F00728400 /* LaunchScreen.storyboard in Resources */,
				1C2222561FF8281F00728400 /* Assets.xcassets in Resources */,
				1C2222541FF8281F00728400 /* Main.storyboard in Resources */,
			);
			runOnlyForDeploymentPostprocessing = 0;
		};
/* End PBXResourcesBuildPhase section */

/* Begin PBXSourcesBuildPhase section */
		1C2222471FF8281F00728400 /* Sources */ = {
			isa = PBXSourcesBuildPhase;
			buildActionMask = 2147483647;
			files = (
				1C2222511FF8281F00728400 /* ViewController.swift in Sources */,
				1CAF13EC2027302A0097B83C /* YtdlService.swift in Sources */,
				1C22224F1FF8281F00728400 /* AppDelegate.swift in Sources */,
			);
			runOnlyForDeploymentPostprocessing = 0;
		};
/* End PBXSourcesBuildPhase section */

/* Begin PBXVariantGroup section */
		1C2222521FF8281F00728400 /* Main.storyboard */ = {
			isa = PBXVariantGroup;
			children = (
				1C2222531FF8281F00728400 /* Base */,
			);
			name = Main.storyboard;
			sourceTree = "<group>";
		};
		1C2222571FF8281F00728400 /* LaunchScreen.storyboard */ = {
			isa = PBXVariantGroup;
			children = (
				1C2222581FF8281F00728400 /* Base */,
			);
			name = LaunchScreen.storyboard;
			sourceTree = "<group>";
		};
/* End PBXVariantGroup section */

/* Begin XCBuildConfiguration section */
		1C22225B1FF8281F00728400 /* Debug */ = {
			isa = XCBuildConfiguration;
			buildSettings = {
				ALWAYS_SEARCH_USER_PATHS = NO;
				CLANG_ANALYZER_NONNULL = YES;
				CLANG_ANALYZER_NUMBER_OBJECT_CONVERSION = YES_AGGRESSIVE;
				CLANG_CXX_LANGUAGE_STANDARD = "gnu++14";
				CLANG_CXX_LIBRARY = "libc++";
				CLANG_ENABLE_MODULES = YES;
				CLANG_ENABLE_OBJC_ARC = YES;
				CLANG_WARN_BLOCK_CAPTURE_AUTORELEASING = YES;
				CLANG_WARN_BOOL_CONVERSION = YES;
				CLANG_WARN_COMMA = YES;
				CLANG_WARN_CONSTANT_CONVERSION = YES;
				CLANG_WARN_DIRECT_OBJC_ISA_USAGE = YES_ERROR;
				CLANG_WARN_DOCUMENTATION_COMMENTS = YES;
				CLANG_WARN_EMPTY_BODY = YES;
				CLANG_WARN_ENUM_CONVERSION = YES;
				CLANG_WARN_INFINITE_RECURSION = YES;
				CLANG_WARN_INT_CONVERSION = YES;
				CLANG_WARN_NON_LITERAL_NULL_CONVERSION = YES;
				CLANG_WARN_OBJC_LITERAL_CONVERSION = YES;
				CLANG_WARN_OBJC_ROOT_CLASS = YES_ERROR;
				CLANG_WARN_RANGE_LOOP_ANALYSIS = YES;
				CLANG_WARN_STRICT_PROTOTYPES = YES;
				CLANG_WARN_SUSPICIOUS_MOVE = YES;
				CLANG_WARN_UNGUARDED_AVAILABILITY = YES_AGGRESSIVE;
				CLANG_WARN_UNREACHABLE_CODE = YES;
				CLANG_WARN__DUPLICATE_METHOD_MATCH = YES;
				CODE_SIGN_IDENTITY = "iPhone Developer";
				COPY_PHASE_STRIP = NO;
				DEBUG_INFORMATION_FORMAT = dwarf;
				ENABLE_STRICT_OBJC_MSGSEND = YES;
				ENABLE_TESTABILITY = YES;
				GCC_C_LANGUAGE_STANDARD = gnu11;
				GCC_DYNAMIC_NO_PIC = NO;
				GCC_NO_COMMON_BLOCKS = YES;
				GCC_OPTIMIZATION_LEVEL = 0;
				GCC_PREPROCESSOR_DEFINITIONS = (
					"DEBUG=1",
					"$(inherited)",
				);
				GCC_WARN_64_TO_32_BIT_CONVERSION = YES;
				GCC_WARN_ABOUT_RETURN_TYPE = YES_ERROR;
				GCC_WARN_UNDECLARED_SELECTOR = YES;
				GCC_WARN_UNINITIALIZED_AUTOS = YES_AGGRESSIVE;
				GCC_WARN_UNUSED_FUNCTION = YES;
				GCC_WARN_UNUSED_VARIABLE = YES;
				IPHONEOS_DEPLOYMENT_TARGET = 11.2;
				MTL_ENABLE_DEBUG_INFO = YES;
				ONLY_ACTIVE_ARCH = YES;
				SDKROOT = iphoneos;
				SWIFT_ACTIVE_COMPILATION_CONDITIONS = DEBUG;
				SWIFT_OPTIMIZATION_LEVEL = "-Onone";
			};
			name = Debug;
		};
		1C22225C1FF8281F00728400 /* Release */ = {
			isa = XCBuildConfiguration;
			buildSettings = {
				ALWAYS_SEARCH_USER_PATHS = NO;
				CLANG_ANALYZER_NONNULL = YES;
				CLANG_ANALYZER_NUMBER_OBJECT_CONVERSION = YES_AGGRESSIVE;
				CLANG_CXX_LANGUAGE_STANDARD = "gnu++14";
				CLANG_CXX_LIBRARY = "libc++";
				CLANG_ENABLE_MODULES = YES;
				CLANG_ENABLE_OBJC_ARC = YES;
				CLANG_WARN_BLOCK_CAPTURE_AUTORELEASING = YES;
				CLANG_WARN_BOOL_CONVERSION = YES;
				CLANG_WARN_COMMA = YES;
				CLANG_WARN_CONSTANT_CONVERSION = YES;
				CLANG_WARN_DIRECT_OBJC_ISA_USAGE = YES_ERROR;
				CLANG_WARN_DOCUMENTATION_COMMENTS = YES;
				CLANG_WARN_EMPTY_BODY = YES;
				CLANG_WARN_ENUM_CONVERSION = YES;
				CLANG_WARN_INFINITE_RECURSION = YES;
				CLANG_WARN_INT_CONVERSION = YES;
				CLANG_WARN_NON_LITERAL_NULL_CONVERSION = YES;
				CLANG_WARN_OBJC_LITERAL_CONVERSION = YES;
				CLANG_WARN_OBJC_ROOT_CLASS = YES_ERROR;
				CLANG_WARN_RANGE_LOOP_ANALYSIS = YES;
				CLANG_WARN_STRICT_PROTOTYPES = YES;
				CLANG_WARN_SUSPICIOUS_MOVE = YES;
				CLANG_WARN_UNGUARDED_AVAILABILITY = YES_AGGRESSIVE;
				CLANG_WARN_UNREACHABLE_CODE = YES;
				CLANG_WARN__DUPLICATE_METHOD_MATCH = YES;
				CODE_SIGN_IDENTITY = "iPhone Developer";
				COPY_PHASE_STRIP = NO;
				DEBUG_INFORMATION_FORMAT = "dwarf-with-dsym";
				ENABLE_NS_ASSERTIONS = NO;
				ENABLE_STRICT_OBJC_MSGSEND = YES;
				GCC_C_LANGUAGE_STANDARD = gnu11;
				GCC_NO_COMMON_BLOCKS = YES;
				GCC_WARN_64_TO_32_BIT_CONVERSION = YES;
				GCC_WARN_ABOUT_RETURN_TYPE = YES_ERROR;
				GCC_WARN_UNDECLARED_SELECTOR = YES;
				GCC_WARN_UNINITIALIZED_AUTOS = YES_AGGRESSIVE;
				GCC_WARN_UNUSED_FUNCTION = YES;
				GCC_WARN_UNUSED_VARIABLE = YES;
				IPHONEOS_DEPLOYMENT_TARGET = 11.2;
				MTL_ENABLE_DEBUG_INFO = NO;
				SDKROOT = iphoneos;
				SWIFT_OPTIMIZATION_LEVEL = "-Owholemodule";
				VALIDATE_PRODUCT = YES;
			};
			name = Release;
		};
		1C22225E1FF8281F00728400 /* Debug */ = {
			isa = XCBuildConfiguration;
			buildSettings = {
				ASSETCATALOG_COMPILER_APPICON_NAME = AppIcon;
				CODE_SIGN_STYLE = Automatic;
				DEVELOPMENT_TEAM = 8Y5D933GXB;
				INFOPLIST_FILE = uchuu/Info.plist;
				LD_RUNPATH_SEARCH_PATHS = "$(inherited) @executable_path/Frameworks";
				PRODUCT_BUNDLE_IDENTIFIER = co.colons.uchuu;
				PRODUCT_NAME = "$(TARGET_NAME)";
				SWIFT_VERSION = 4.0;
				TARGETED_DEVICE_FAMILY = "1,2";
			};
			name = Debug;
		};
		1C22225F1FF8281F00728400 /* Release */ = {
			isa = XCBuildConfiguration;
			buildSettings = {
				ASSETCATALOG_COMPILER_APPICON_NAME = AppIcon;
				CODE_SIGN_STYLE = Automatic;
				DEVELOPMENT_TEAM = 8Y5D933GXB;
				INFOPLIST_FILE = uchuu/Info.plist;
				LD_RUNPATH_SEARCH_PATHS = "$(inherited) @executable_path/Frameworks";
				PRODUCT_BUNDLE_IDENTIFIER = co.colons.uchuu;
				PRODUCT_NAME = "$(TARGET_NAME)";
				SWIFT_VERSION = 4.0;
				TARGETED_DEVICE_FAMILY = "1,2";
			};
			name = Release;
		};
/* End XCBuildConfiguration section */

/* Begin XCConfigurationList section */
		1C2222461FF8281F00728400 /* Build configuration list for PBXProject "uchuu" */ = {
			isa = XCConfigurationList;
			buildConfigurations = (
				1C22225B1FF8281F00728400 /* Debug */,
				1C22225C1FF8281F00728400 /* Release */,
			);
			defaultConfigurationIsVisible = 0;
			defaultConfigurationName = Release;
		};
		1C22225D1FF8281F00728400 /* Build configuration list for PBXNativeTarget "uchuu" */ = {
			isa = XCConfigurationList;
			buildConfigurations = (
				1C22225E1FF8281F00728400 /* Debug */,
				1C22225F1FF8281F00728400 /* Release */,
			);
			defaultConfigurationIsVisible = 0;
			defaultConfigurationName = Release;
		};
/* End XCConfigurationList section */
	};
	rootObject = 1C2222431FF8281F00728400 /* Project object */;
}
