// !$*UTF8*$!
{
	archiveVersion = 1;
	classes = {
	};
	objectVersion = 48;
	objects = {

/* Begin PBXBuildFile section */
		1C22224F1FF8281F00728400 /* AppDelegate.swift in Sources */ = {isa = PBXBuildFile; fileRef = 1C22224E1FF8281F00728400 /* AppDelegate.swift */; };
		1C2222511FF8281F00728400 /* ViewController.swift in Sources */ = {isa = PBXBuildFile; fileRef = 1C2222501FF8281F00728400 /* ViewController.swift */; };
		1C2222541FF8281F00728400 /* Main.storyboard in Resources */ = {isa = PBXBuildFile; fileRef = 1C2222521FF8281F00728400 /* Main.storyboard */; };
		1C2222561FF8281F00728400 /* Assets.xcassets in Resources */ = {isa = PBXBuildFile; fileRef = 1C2222551FF8281F00728400 /* Assets.xcassets */; };
		1C2222591FF8281F00728400 /* LaunchScreen.storyboard in Resources */ = {isa = PBXBuildFile; fileRef = 1C2222571FF8281F00728400 /* LaunchScreen.storyboard */; };
		1C2816A2228DB71D00D0C231 /* Support in Resources */ = {isa = PBXBuildFile; fileRef = 1C2816A1228DB71D00D0C231 /* Support */; };
		1C2816A4228DB73400D0C231 /* libbzip2.a in Frameworks */ = {isa = PBXBuildFile; fileRef = 1C2816A3228DB73400D0C231 /* libbzip2.a */; };
		1C2816A6228DB73400D0C231 /* libOpenSSL.a in Frameworks */ = {isa = PBXBuildFile; fileRef = 1C2816A5228DB73400D0C231 /* libOpenSSL.a */; };
		1C2816A8228DB73400D0C231 /* libPython.a in Frameworks */ = {isa = PBXBuildFile; fileRef = 1C2816A7228DB73400D0C231 /* libPython.a */; };
		1C2816AA228DB73400D0C231 /* libxz.a in Frameworks */ = {isa = PBXBuildFile; fileRef = 1C2816A9228DB73400D0C231 /* libxz.a */; };
		1C2816B1228DC07800D0C231 /* PythonBridge.m in Sources */ = {isa = PBXBuildFile; fileRef = 1C2816B0228DC07800D0C231 /* PythonBridge.m */; };
		1C2816B4228DC82700D0C231 /* libsqlite3.tbd in Frameworks */ = {isa = PBXBuildFile; fileRef = 1C2816B3228DC82600D0C231 /* libsqlite3.tbd */; };
		1C2816B6228DC87700D0C231 /* libz.tbd in Frameworks */ = {isa = PBXBuildFile; fileRef = 1C2816B5228DC87700D0C231 /* libz.tbd */; };
		1C60AA9320275D56000FF025 /* ShareViewController.swift in Sources */ = {isa = PBXBuildFile; fileRef = 1C60AA9220275D56000FF025 /* ShareViewController.swift */; };
		1C60AA9620275D56000FF025 /* MainInterface.storyboard in Resources */ = {isa = PBXBuildFile; fileRef = 1C60AA9420275D56000FF025 /* MainInterface.storyboard */; };
		1C60AA9A20275D56000FF025 /* Watch in uchuu.appex in Embed App Extensions */ = {isa = PBXBuildFile; fileRef = 1C60AA9020275D56000FF025 /* Watch in uchuu.appex */; settings = {ATTRIBUTES = (RemoveHeadersOnCopy, ); }; };
		1C7DE8F220274B5A006C622A /* Player.swift in Sources */ = {isa = PBXBuildFile; fileRef = 1C7DE8F120274B5A006C622A /* Player.swift */; };
		1CAF13EC2027302A0097B83C /* YtdlService.swift in Sources */ = {isa = PBXBuildFile; fileRef = 1CAF13EB2027302A0097B83C /* YtdlService.swift */; };
/* End PBXBuildFile section */

/* Begin PBXContainerItemProxy section */
		1C60AA9820275D56000FF025 /* PBXContainerItemProxy */ = {
			isa = PBXContainerItemProxy;
			containerPortal = 1C2222431FF8281F00728400 /* Project object */;
			proxyType = 1;
			remoteGlobalIDString = 1C60AA8F20275D56000FF025;
			remoteInfo = "Watch in uchuu";
		};
/* End PBXContainerItemProxy section */

/* Begin PBXCopyFilesBuildPhase section */
		1C60AA7920275B93000FF025 /* Embed App Extensions */ = {
			isa = PBXCopyFilesBuildPhase;
			buildActionMask = 2147483647;
			dstPath = "";
			dstSubfolderSpec = 13;
			files = (
				1C60AA9A20275D56000FF025 /* Watch in uchuu.appex in Embed App Extensions */,
			);
			name = "Embed App Extensions";
			runOnlyForDeploymentPostprocessing = 0;
		};
/* End PBXCopyFilesBuildPhase section */

/* Begin PBXFileReference section */
		1C22224B1FF8281F00728400 /* uchuu.app */ = {isa = PBXFileReference; explicitFileType = wrapper.application; includeInIndex = 0; path = uchuu.app; sourceTree = BUILT_PRODUCTS_DIR; };
		1C22224E1FF8281F00728400 /* AppDelegate.swift */ = {isa = PBXFileReference; lastKnownFileType = sourcecode.swift; path = AppDelegate.swift; sourceTree = "<group>"; };
		1C2222501FF8281F00728400 /* ViewController.swift */ = {isa = PBXFileReference; lastKnownFileType = sourcecode.swift; path = ViewController.swift; sourceTree = "<group>"; };
		1C2222531FF8281F00728400 /* Base */ = {isa = PBXFileReference; lastKnownFileType = file.storyboard; name = Base; path = Base.lproj/Main.storyboard; sourceTree = "<group>"; };
		1C2222551FF8281F00728400 /* Assets.xcassets */ = {isa = PBXFileReference; lastKnownFileType = folder.assetcatalog; path = Assets.xcassets; sourceTree = "<group>"; };
		1C2222581FF8281F00728400 /* Base */ = {isa = PBXFileReference; lastKnownFileType = file.storyboard; name = Base; path = Base.lproj/LaunchScreen.storyboard; sourceTree = "<group>"; };
		1C22225A1FF8281F00728400 /* Info.plist */ = {isa = PBXFileReference; lastKnownFileType = text.plist.xml; path = Info.plist; sourceTree = "<group>"; };
		1C281694228DB3A400D0C231 /* libbzip2.a */ = {isa = PBXFileReference; lastKnownFileType = archive.ar; name = libbzip2.a; path = Support/BZip2/libbzip2.a; sourceTree = "<group>"; };
		1C281696228DB3A700D0C231 /* libOpenSSL.a */ = {isa = PBXFileReference; lastKnownFileType = archive.ar; name = libOpenSSL.a; path = Support/OpenSSL/libOpenSSL.a; sourceTree = "<group>"; };
		1C281698228DB3AA00D0C231 /* libPython.a */ = {isa = PBXFileReference; lastKnownFileType = archive.ar; name = libPython.a; path = Support/Python/libPython.a; sourceTree = "<group>"; };
		1C28169A228DB3AD00D0C231 /* libxz.a */ = {isa = PBXFileReference; lastKnownFileType = archive.ar; name = libxz.a; path = Support/XZ/libxz.a; sourceTree = "<group>"; };
		1C2816A1228DB71D00D0C231 /* Support */ = {isa = PBXFileReference; lastKnownFileType = folder; path = Support; sourceTree = "<group>"; };
		1C2816A3228DB73400D0C231 /* libbzip2.a */ = {isa = PBXFileReference; lastKnownFileType = archive.ar; name = libbzip2.a; path = uchuu/Support/BZip2/libbzip2.a; sourceTree = "<group>"; };
		1C2816A5228DB73400D0C231 /* libOpenSSL.a */ = {isa = PBXFileReference; lastKnownFileType = archive.ar; name = libOpenSSL.a; path = uchuu/Support/OpenSSL/libOpenSSL.a; sourceTree = "<group>"; };
		1C2816A7228DB73400D0C231 /* libPython.a */ = {isa = PBXFileReference; lastKnownFileType = archive.ar; name = libPython.a; path = uchuu/Support/Python/libPython.a; sourceTree = "<group>"; };
		1C2816A9228DB73400D0C231 /* libxz.a */ = {isa = PBXFileReference; lastKnownFileType = archive.ar; name = libxz.a; path = uchuu/Support/XZ/libxz.a; sourceTree = "<group>"; };
		1C2816AB228DBBC300D0C231 /* PythonBridge.h */ = {isa = PBXFileReference; lastKnownFileType = sourcecode.c.h; path = PythonBridge.h; sourceTree = "<group>"; };
		1C2816B0228DC07800D0C231 /* PythonBridge.m */ = {isa = PBXFileReference; lastKnownFileType = sourcecode.c.objc; path = PythonBridge.m; sourceTree = "<group>"; };
		1C2816B2228DC1ED00D0C231 /* SwiftPythonBridge.h */ = {isa = PBXFileReference; lastKnownFileType = sourcecode.c.h; path = SwiftPythonBridge.h; sourceTree = "<group>"; };
		1C2816B3228DC82600D0C231 /* libsqlite3.tbd */ = {isa = PBXFileReference; lastKnownFileType = "sourcecode.text-based-dylib-definition"; name = libsqlite3.tbd; path = usr/lib/libsqlite3.tbd; sourceTree = SDKROOT; };
		1C2816B5228DC87700D0C231 /* libz.tbd */ = {isa = PBXFileReference; lastKnownFileType = "sourcecode.text-based-dylib-definition"; name = libz.tbd; path = usr/lib/libz.tbd; sourceTree = SDKROOT; };
		1C60AA9020275D56000FF025 /* Watch in uchuu.appex */ = {isa = PBXFileReference; explicitFileType = "wrapper.app-extension"; includeInIndex = 0; path = "Watch in uchuu.appex"; sourceTree = BUILT_PRODUCTS_DIR; };
		1C60AA9220275D56000FF025 /* ShareViewController.swift */ = {isa = PBXFileReference; lastKnownFileType = sourcecode.swift; path = ShareViewController.swift; sourceTree = "<group>"; };
		1C60AA9520275D56000FF025 /* Base */ = {isa = PBXFileReference; lastKnownFileType = file.storyboard; name = Base; path = Base.lproj/MainInterface.storyboard; sourceTree = "<group>"; };
		1C60AA9720275D56000FF025 /* Info.plist */ = {isa = PBXFileReference; lastKnownFileType = text.plist.xml; path = Info.plist; sourceTree = "<group>"; };
		1C7DE8F120274B5A006C622A /* Player.swift */ = {isa = PBXFileReference; lastKnownFileType = sourcecode.swift; path = Player.swift; sourceTree = "<group>"; };
		1CAF13EB2027302A0097B83C /* YtdlService.swift */ = {isa = PBXFileReference; lastKnownFileType = sourcecode.swift; path = YtdlService.swift; sourceTree = "<group>"; };
/* End PBXFileReference section */

/* Begin PBXFrameworksBuildPhase section */
		1C2222481FF8281F00728400 /* Frameworks */ = {
			isa = PBXFrameworksBuildPhase;
			buildActionMask = 2147483647;
			files = (
				1C2816B6228DC87700D0C231 /* libz.tbd in Frameworks */,
				1C2816B4228DC82700D0C231 /* libsqlite3.tbd in Frameworks */,
				1C2816A4228DB73400D0C231 /* libbzip2.a in Frameworks */,
				1C2816A6228DB73400D0C231 /* libOpenSSL.a in Frameworks */,
				1C2816A8228DB73400D0C231 /* libPython.a in Frameworks */,
				1C2816AA228DB73400D0C231 /* libxz.a in Frameworks */,
			);
			runOnlyForDeploymentPostprocessing = 0;
		};
		1C60AA8D20275D56000FF025 /* Frameworks */ = {
			isa = PBXFrameworksBuildPhase;
			buildActionMask = 2147483647;
			files = (
			);
			runOnlyForDeploymentPostprocessing = 0;
		};
/* End PBXFrameworksBuildPhase section */

/* Begin PBXGroup section */
		1C2222421FF8281F00728400 = {
			isa = PBXGroup;
			children = (
				1C22224D1FF8281F00728400 /* uchuu */,
				1C60AA9120275D56000FF025 /* Watch in uchuu */,
				1C22224C1FF8281F00728400 /* Products */,
				1C281693228DB3A400D0C231 /* Frameworks */,
			);
			sourceTree = "<group>";
		};
		1C22224C1FF8281F00728400 /* Products */ = {
			isa = PBXGroup;
			children = (
				1C22224B1FF8281F00728400 /* uchuu.app */,
				1C60AA9020275D56000FF025 /* Watch in uchuu.appex */,
			);
			name = Products;
			sourceTree = "<group>";
		};
		1C22224D1FF8281F00728400 /* uchuu */ = {
			isa = PBXGroup;
			children = (
				1C22224E1FF8281F00728400 /* AppDelegate.swift */,
				1CAF13EB2027302A0097B83C /* YtdlService.swift */,
				1C2222501FF8281F00728400 /* ViewController.swift */,
				1C2222521FF8281F00728400 /* Main.storyboard */,
				1C2816A1228DB71D00D0C231 /* Support */,
				1C2222551FF8281F00728400 /* Assets.xcassets */,
				1C2222571FF8281F00728400 /* LaunchScreen.storyboard */,
				1C22225A1FF8281F00728400 /* Info.plist */,
				1C7DE8F120274B5A006C622A /* Player.swift */,
				1C2816AB228DBBC300D0C231 /* PythonBridge.h */,
				1C2816B2228DC1ED00D0C231 /* SwiftPythonBridge.h */,
				1C2816B0228DC07800D0C231 /* PythonBridge.m */,
			);
			path = uchuu;
			sourceTree = "<group>";
		};
		1C281693228DB3A400D0C231 /* Frameworks */ = {
			isa = PBXGroup;
			children = (
				1C2816B5228DC87700D0C231 /* libz.tbd */,
				1C2816B3228DC82600D0C231 /* libsqlite3.tbd */,
				1C2816A3228DB73400D0C231 /* libbzip2.a */,
				1C2816A5228DB73400D0C231 /* libOpenSSL.a */,
				1C2816A7228DB73400D0C231 /* libPython.a */,
				1C2816A9228DB73400D0C231 /* libxz.a */,
				1C281694228DB3A400D0C231 /* libbzip2.a */,
				1C281696228DB3A700D0C231 /* libOpenSSL.a */,
				1C281698228DB3AA00D0C231 /* libPython.a */,
				1C28169A228DB3AD00D0C231 /* libxz.a */,
			);
			name = Frameworks;
			sourceTree = "<group>";
		};
		1C60AA9120275D56000FF025 /* Watch in uchuu */ = {
			isa = PBXGroup;
			children = (
				1C60AA9220275D56000FF025 /* ShareViewController.swift */,
				1C60AA9420275D56000FF025 /* MainInterface.storyboard */,
				1C60AA9720275D56000FF025 /* Info.plist */,
			);
			path = "Watch in uchuu";
			sourceTree = "<group>";
		};
/* End PBXGroup section */

/* Begin PBXNativeTarget section */
		1C22224A1FF8281F00728400 /* uchuu */ = {
			isa = PBXNativeTarget;
			buildConfigurationList = 1C22225D1FF8281F00728400 /* Build configuration list for PBXNativeTarget "uchuu" */;
			buildPhases = (
				1C2222471FF8281F00728400 /* Sources */,
				1C2222481FF8281F00728400 /* Frameworks */,
				1C2222491FF8281F00728400 /* Resources */,
				1C60AA7920275B93000FF025 /* Embed App Extensions */,
			);
			buildRules = (
			);
			dependencies = (
				1C60AA9920275D56000FF025 /* PBXTargetDependency */,
			);
			name = uchuu;
			productName = uchuu;
			productReference = 1C22224B1FF8281F00728400 /* uchuu.app */;
			productType = "com.apple.product-type.application";
		};
		1C60AA8F20275D56000FF025 /* Watch in uchuu */ = {
			isa = PBXNativeTarget;
			buildConfigurationList = 1C60AA9B20275D56000FF025 /* Build configuration list for PBXNativeTarget "Watch in uchuu" */;
			buildPhases = (
				1C60AA8C20275D56000FF025 /* Sources */,
				1C60AA8D20275D56000FF025 /* Frameworks */,
				1C60AA8E20275D56000FF025 /* Resources */,
			);
			buildRules = (
			);
			dependencies = (
			);
			name = "Watch in uchuu";
			productName = "Watch in uchuu";
			productReference = 1C60AA9020275D56000FF025 /* Watch in uchuu.appex */;
			productType = "com.apple.product-type.app-extension";
		};
/* End PBXNativeTarget section */

/* Begin PBXProject section */
		1C2222431FF8281F00728400 /* Project object */ = {
			isa = PBXProject;
			attributes = {
				LastSwiftUpdateCheck = 0930;
				LastUpgradeCheck = 0920;
				TargetAttributes = {
					1C22224A1FF8281F00728400 = {
						CreatedOnToolsVersion = 9.2;
						LastSwiftMigration = 1020;
						ProvisioningStyle = Automatic;
						SystemCapabilities = {
							com.apple.BackgroundModes = {
								enabled = 1;
							};
						};
					};
					1C60AA8F20275D56000FF025 = {
						CreatedOnToolsVersion = 9.3;
						LastSwiftMigration = 1020;
						ProvisioningStyle = Automatic;
					};
				};
			};
			buildConfigurationList = 1C2222461FF8281F00728400 /* Build configuration list for PBXProject "uchuu" */;
			compatibilityVersion = "Xcode 8.0";
			developmentRegion = en;
			hasScannedForEncodings = 0;
			knownRegions = (
				en,
				Base,
			);
			mainGroup = 1C2222421FF8281F00728400;
			productRefGroup = 1C22224C1FF8281F00728400 /* Products */;
			projectDirPath = "";
			projectRoot = "";
			targets = (
				1C22224A1FF8281F00728400 /* uchuu */,
				1C60AA8F20275D56000FF025 /* Watch in uchuu */,
			);
		};
/* End PBXProject section */

/* Begin PBXResourcesBuildPhase section */
		1C2222491FF8281F00728400 /* Resources */ = {
			isa = PBXResourcesBuildPhase;
			buildActionMask = 2147483647;
			files = (
				1C2816A2228DB71D00D0C231 /* Support in Resources */,
				1C2222591FF8281F00728400 /* LaunchScreen.storyboard in Resources */,
				1C2222561FF8281F00728400 /* Assets.xcassets in Resources */,
				1C2222541FF8281F00728400 /* Main.storyboard in Resources */,
			);
			runOnlyForDeploymentPostprocessing = 0;
		};
		1C60AA8E20275D56000FF025 /* Resources */ = {
			isa = PBXResourcesBuildPhase;
			buildActionMask = 2147483647;
			files = (
				1C60AA9620275D56000FF025 /* MainInterface.storyboard in Resources */,
			);
			runOnlyForDeploymentPostprocessing = 0;
		};
/* End PBXResourcesBuildPhase section */

/* Begin PBXSourcesBuildPhase section */
		1C2222471FF8281F00728400 /* Sources */ = {
			isa = PBXSourcesBuildPhase;
			buildActionMask = 2147483647;
			files = (
				1C2222511FF8281F00728400 /* ViewController.swift in Sources */,
				1C7DE8F220274B5A006C622A /* Player.swift in Sources */,
				1CAF13EC2027302A0097B83C /* YtdlService.swift in Sources */,
				1C22224F1FF8281F00728400 /* AppDelegate.swift in Sources */,
				1C2816B1228DC07800D0C231 /* PythonBridge.m in Sources */,
			);
			runOnlyForDeploymentPostprocessing = 0;
		};
		1C60AA8C20275D56000FF025 /* Sources */ = {
			isa = PBXSourcesBuildPhase;
			buildActionMask = 2147483647;
			files = (
				1C60AA9320275D56000FF025 /* ShareViewController.swift in Sources */,
			);
			runOnlyForDeploymentPostprocessing = 0;
		};
/* End PBXSourcesBuildPhase section */

/* Begin PBXTargetDependency section */
		1C60AA9920275D56000FF025 /* PBXTargetDependency */ = {
			isa = PBXTargetDependency;
			target = 1C60AA8F20275D56000FF025 /* Watch in uchuu */;
			targetProxy = 1C60AA9820275D56000FF025 /* PBXContainerItemProxy */;
		};
/* End PBXTargetDependency section */

/* Begin PBXVariantGroup section */
		1C2222521FF8281F00728400 /* Main.storyboard */ = {
			isa = PBXVariantGroup;
			children = (
				1C2222531FF8281F00728400 /* Base */,
			);
			name = Main.storyboard;
			sourceTree = "<group>";
		};
		1C2222571FF8281F00728400 /* LaunchScreen.storyboard */ = {
			isa = PBXVariantGroup;
			children = (
				1C2222581FF8281F00728400 /* Base */,
			);
			name = LaunchScreen.storyboard;
			sourceTree = "<group>";
		};
		1C60AA9420275D56000FF025 /* MainInterface.storyboard */ = {
			isa = PBXVariantGroup;
			children = (
				1C60AA9520275D56000FF025 /* Base */,
			);
			name = MainInterface.storyboard;
			sourceTree = "<group>";
		};
/* End PBXVariantGroup section */

/* Begin XCBuildConfiguration section */
		1C22225B1FF8281F00728400 /* Debug */ = {
			isa = XCBuildConfiguration;
			buildSettings = {
				ALWAYS_SEARCH_USER_PATHS = NO;
				CLANG_ANALYZER_NONNULL = YES;
				CLANG_ANALYZER_NUMBER_OBJECT_CONVERSION = YES_AGGRESSIVE;
				CLANG_CXX_LANGUAGE_STANDARD = "gnu++14";
				CLANG_CXX_LIBRARY = "libc++";
				CLANG_ENABLE_MODULES = YES;
				CLANG_ENABLE_OBJC_ARC = YES;
				CLANG_WARN_BLOCK_CAPTURE_AUTORELEASING = YES;
				CLANG_WARN_BOOL_CONVERSION = YES;
				CLANG_WARN_COMMA = YES;
				CLANG_WARN_CONSTANT_CONVERSION = YES;
				CLANG_WARN_DIRECT_OBJC_ISA_USAGE = YES_ERROR;
				CLANG_WARN_DOCUMENTATION_COMMENTS = YES;
				CLANG_WARN_EMPTY_BODY = YES;
				CLANG_WARN_ENUM_CONVERSION = YES;
				CLANG_WARN_INFINITE_RECURSION = YES;
				CLANG_WARN_INT_CONVERSION = YES;
				CLANG_WARN_NON_LITERAL_NULL_CONVERSION = YES;
				CLANG_WARN_OBJC_LITERAL_CONVERSION = YES;
				CLANG_WARN_OBJC_ROOT_CLASS = YES_ERROR;
				CLANG_WARN_RANGE_LOOP_ANALYSIS = YES;
				CLANG_WARN_STRICT_PROTOTYPES = YES;
				CLANG_WARN_SUSPICIOUS_MOVE = YES;
				CLANG_WARN_UNGUARDED_AVAILABILITY = YES_AGGRESSIVE;
				CLANG_WARN_UNREACHABLE_CODE = YES;
				CLANG_WARN__DUPLICATE_METHOD_MATCH = YES;
				CODE_SIGN_IDENTITY = "iPhone Developer";
				COPY_PHASE_STRIP = NO;
				DEBUG_INFORMATION_FORMAT = dwarf;
				ENABLE_STRICT_OBJC_MSGSEND = YES;
				ENABLE_TESTABILITY = YES;
				GCC_C_LANGUAGE_STANDARD = gnu11;
				GCC_DYNAMIC_NO_PIC = NO;
				GCC_NO_COMMON_BLOCKS = YES;
				GCC_OPTIMIZATION_LEVEL = 0;
				GCC_PREPROCESSOR_DEFINITIONS = (
					"DEBUG=1",
					"$(inherited)",
				);
				GCC_WARN_64_TO_32_BIT_CONVERSION = YES;
				GCC_WARN_ABOUT_RETURN_TYPE = YES_ERROR;
				GCC_WARN_UNDECLARED_SELECTOR = YES;
				GCC_WARN_UNINITIALIZED_AUTOS = YES_AGGRESSIVE;
				GCC_WARN_UNUSED_FUNCTION = YES;
				GCC_WARN_UNUSED_VARIABLE = YES;
				HEADER_SEARCH_PATHS = (
					"${PROJECT_DIR}",
					"${PROJECT_DIR}/uchuu/Support/XZ/Headers",
					"${PROJECT_DIR}/uchuu/Support/Python/Headers",
					"${PROJECT_DIR}/uchuu/Support/OpenSSL/Headers",
					"${PROJECT_DIR}/uchuu/Support/BZip2/Headers",
					"${PROJECT_DIR}/uchuu/Support/Python/Resources/include/python3.6m",
				);
				IPHONEOS_DEPLOYMENT_TARGET = 11.2;
				LIBRARY_SEARCH_PATHS = (
					"${PROJECT_DIR}/uchuu/Support/BZip2",
					"${PROJECT_DIR}/uchuu/Support/OpenSSL",
					"${PROJECT_DIR}/uchuu/Support/Python",
					"${PROJECT_DIR}/uchuu/Support/XZ",
				);
				MTL_ENABLE_DEBUG_INFO = YES;
				ONLY_ACTIVE_ARCH = YES;
				SDKROOT = iphoneos;
				SWIFT_ACTIVE_COMPILATION_CONDITIONS = DEBUG;
				SWIFT_OBJC_BRIDGING_HEADER = "${PROJECT_DIR}/uchuu/SwiftPythonBridge.h";
				SWIFT_OPTIMIZATION_LEVEL = "-Onone";
			};
			name = Debug;
		};
		1C22225C1FF8281F00728400 /* Release */ = {
			isa = XCBuildConfiguration;
			buildSettings = {
				ALWAYS_SEARCH_USER_PATHS = NO;
				CLANG_ANALYZER_NONNULL = YES;
				CLANG_ANALYZER_NUMBER_OBJECT_CONVERSION = YES_AGGRESSIVE;
				CLANG_CXX_LANGUAGE_STANDARD = "gnu++14";
				CLANG_CXX_LIBRARY = "libc++";
				CLANG_ENABLE_MODULES = YES;
				CLANG_ENABLE_OBJC_ARC = YES;
				CLANG_WARN_BLOCK_CAPTURE_AUTORELEASING = YES;
				CLANG_WARN_BOOL_CONVERSION = YES;
				CLANG_WARN_COMMA = YES;
				CLANG_WARN_CONSTANT_CONVERSION = YES;
				CLANG_WARN_DIRECT_OBJC_ISA_USAGE = YES_ERROR;
				CLANG_WARN_DOCUMENTATION_COMMENTS = YES;
				CLANG_WARN_EMPTY_BODY = YES;
				CLANG_WARN_ENUM_CONVERSION = YES;
				CLANG_WARN_INFINITE_RECURSION = YES;
				CLANG_WARN_INT_CONVERSION = YES;
				CLANG_WARN_NON_LITERAL_NULL_CONVERSION = YES;
				CLANG_WARN_OBJC_LITERAL_CONVERSION = YES;
				CLANG_WARN_OBJC_ROOT_CLASS = YES_ERROR;
				CLANG_WARN_RANGE_LOOP_ANALYSIS = YES;
				CLANG_WARN_STRICT_PROTOTYPES = YES;
				CLANG_WARN_SUSPICIOUS_MOVE = YES;
				CLANG_WARN_UNGUARDED_AVAILABILITY = YES_AGGRESSIVE;
				CLANG_WARN_UNREACHABLE_CODE = YES;
				CLANG_WARN__DUPLICATE_METHOD_MATCH = YES;
				CODE_SIGN_IDENTITY = "iPhone Developer";
				COPY_PHASE_STRIP = NO;
				DEBUG_INFORMATION_FORMAT = "dwarf-with-dsym";
				ENABLE_NS_ASSERTIONS = NO;
				ENABLE_STRICT_OBJC_MSGSEND = YES;
				GCC_C_LANGUAGE_STANDARD = gnu11;
				GCC_NO_COMMON_BLOCKS = YES;
				GCC_WARN_64_TO_32_BIT_CONVERSION = YES;
				GCC_WARN_ABOUT_RETURN_TYPE = YES_ERROR;
				GCC_WARN_UNDECLARED_SELECTOR = YES;
				GCC_WARN_UNINITIALIZED_AUTOS = YES_AGGRESSIVE;
				GCC_WARN_UNUSED_FUNCTION = YES;
				GCC_WARN_UNUSED_VARIABLE = YES;
				HEADER_SEARCH_PATHS = (
					"${PROJECT_DIR}",
					"${PROJECT_DIR}/uchuu/Support/XZ/Headers",
					"${PROJECT_DIR}/uchuu/Support/Python/Headers",
					"${PROJECT_DIR}/uchuu/Support/OpenSSL/Headers",
					"${PROJECT_DIR}/uchuu/Support/BZip2/Headers",
					"${PROJECT_DIR}/uchuu/Support/Python/Resources/include/python3.6m",
				);
				IPHONEOS_DEPLOYMENT_TARGET = 11.2;
				LIBRARY_SEARCH_PATHS = (
					"${PROJECT_DIR}/uchuu/Support/BZip2",
					"${PROJECT_DIR}/uchuu/Support/OpenSSL",
					"${PROJECT_DIR}/uchuu/Support/Python",
					"${PROJECT_DIR}/uchuu/Support/XZ",
				);
				MTL_ENABLE_DEBUG_INFO = NO;
				SDKROOT = iphoneos;
				SWIFT_OBJC_BRIDGING_HEADER = "${PROJECT_DIR}/uchuu/SwiftPythonBridge.h";
				SWIFT_OPTIMIZATION_LEVEL = "-Owholemodule";
				VALIDATE_PRODUCT = YES;
			};
			name = Release;
		};
		1C22225E1FF8281F00728400 /* Debug */ = {
			isa = XCBuildConfiguration;
			buildSettings = {
				ALWAYS_EMBED_SWIFT_STANDARD_LIBRARIES = YES;
				ASSETCATALOG_COMPILER_APPICON_NAME = AppIcon;
				CLANG_ENABLE_MODULES = YES;
				CODE_SIGN_STYLE = Automatic;
				DEVELOPMENT_TEAM = 8Y5D933GXB;
				HEADER_SEARCH_PATHS = "${inherited}";
				INFOPLIST_FILE = uchuu/Info.plist;
				LD_RUNPATH_SEARCH_PATHS = "$(inherited) @executable_path/Frameworks";
				LIBRARY_SEARCH_PATHS = "${inherited}";
				PRODUCT_BUNDLE_IDENTIFIER = co.colons.uchuu;
				PRODUCT_NAME = "$(TARGET_NAME)";
				SWIFT_OBJC_BRIDGING_HEADER = "${PROJECT_DIR}/uchuu/SwiftPythonBridge.h";
				SWIFT_OPTIMIZATION_LEVEL = "-Onone";
				SWIFT_VERSION = 5.0;
				TARGETED_DEVICE_FAMILY = "1,2";
			};
			name = Debug;
		};
		1C22225F1FF8281F00728400 /* Release */ = {
			isa = XCBuildConfiguration;
			buildSettings = {
				ALWAYS_EMBED_SWIFT_STANDARD_LIBRARIES = YES;
				ASSETCATALOG_COMPILER_APPICON_NAME = AppIcon;
				CLANG_ENABLE_MODULES = YES;
				CODE_SIGN_STYLE = Automatic;
				DEVELOPMENT_TEAM = 8Y5D933GXB;
				HEADER_SEARCH_PATHS = "${inherited}";
				INFOPLIST_FILE = uchuu/Info.plist;
				LD_RUNPATH_SEARCH_PATHS = "$(inherited) @executable_path/Frameworks";
				LIBRARY_SEARCH_PATHS = "${inherited}";
				PRODUCT_BUNDLE_IDENTIFIER = co.colons.uchuu;
				PRODUCT_NAME = "$(TARGET_NAME)";
				SWIFT_OBJC_BRIDGING_HEADER = "${PROJECT_DIR}/uchuu/SwiftPythonBridge.h";
				SWIFT_VERSION = 5.0;
				TARGETED_DEVICE_FAMILY = "1,2";
			};
			name = Release;
		};
		1C60AA9C20275D56000FF025 /* Debug */ = {
			isa = XCBuildConfiguration;
			buildSettings = {
				CLANG_ENABLE_OBJC_WEAK = YES;
				CLANG_WARN_DEPRECATED_OBJC_IMPLEMENTATIONS = YES;
				CLANG_WARN_OBJC_IMPLICIT_RETAIN_SELF = YES;
				CODE_SIGN_STYLE = Automatic;
				DEVELOPMENT_TEAM = 8Y5D933GXB;
				HEADER_SEARCH_PATHS = "${inherited}";
				INFOPLIST_FILE = "Watch in uchuu/Info.plist";
				IPHONEOS_DEPLOYMENT_TARGET = 11.3;
				LD_RUNPATH_SEARCH_PATHS = "$(inherited) @executable_path/Frameworks @executable_path/../../Frameworks";
				LIBRARY_SEARCH_PATHS = "${inherited}";
				PRODUCT_BUNDLE_IDENTIFIER = "co.colons.uchuu.Watch-in-uchuu";
				PRODUCT_NAME = "$(TARGET_NAME)";
				SKIP_INSTALL = YES;
				SWIFT_OBJC_BRIDGING_HEADER = "";
				SWIFT_VERSION = 5.0;
				TARGETED_DEVICE_FAMILY = "1,2";
			};
			name = Debug;
		};
		1C60AA9D20275D56000FF025 /* Release */ = {
			isa = XCBuildConfiguration;
			buildSettings = {
				CLANG_ENABLE_OBJC_WEAK = YES;
				CLANG_WARN_DEPRECATED_OBJC_IMPLEMENTATIONS = YES;
				CLANG_WARN_OBJC_IMPLICIT_RETAIN_SELF = YES;
				CODE_SIGN_STYLE = Automatic;
				DEVELOPMENT_TEAM = 8Y5D933GXB;
				HEADER_SEARCH_PATHS = "${inherited}";
				INFOPLIST_FILE = "Watch in uchuu/Info.plist";
				IPHONEOS_DEPLOYMENT_TARGET = 11.3;
				LD_RUNPATH_SEARCH_PATHS = "$(inherited) @executable_path/Frameworks @executable_path/../../Frameworks";
				LIBRARY_SEARCH_PATHS = "${inherited}";
				PRODUCT_BUNDLE_IDENTIFIER = "co.colons.uchuu.Watch-in-uchuu";
				PRODUCT_NAME = "$(TARGET_NAME)";
				SKIP_INSTALL = YES;
				SWIFT_OBJC_BRIDGING_HEADER = "";
				SWIFT_OPTIMIZATION_LEVEL = "-Owholemodule";
				SWIFT_VERSION = 5.0;
				TARGETED_DEVICE_FAMILY = "1,2";
			};
			name = Release;
		};
/* End XCBuildConfiguration section */

/* Begin XCConfigurationList section */
		1C2222461FF8281F00728400 /* Build configuration list for PBXProject "uchuu" */ = {
			isa = XCConfigurationList;
			buildConfigurations = (
				1C22225B1FF8281F00728400 /* Debug */,
				1C22225C1FF8281F00728400 /* Release */,
			);
			defaultConfigurationIsVisible = 0;
			defaultConfigurationName = Release;
		};
		1C22225D1FF8281F00728400 /* Build configuration list for PBXNativeTarget "uchuu" */ = {
			isa = XCConfigurationList;
			buildConfigurations = (
				1C22225E1FF8281F00728400 /* Debug */,
				1C22225F1FF8281F00728400 /* Release */,
			);
			defaultConfigurationIsVisible = 0;
			defaultConfigurationName = Release;
		};
		1C60AA9B20275D56000FF025 /* Build configuration list for PBXNativeTarget "Watch in uchuu" */ = {
			isa = XCConfigurationList;
			buildConfigurations = (
				1C60AA9C20275D56000FF025 /* Debug */,
				1C60AA9D20275D56000FF025 /* Release */,
			);
			defaultConfigurationIsVisible = 0;
			defaultConfigurationName = Release;
		};
/* End XCConfigurationList section */
	};
	rootObject = 1C2222431FF8281F00728400 /* Project object */;
}
